// !$*UTF8*$!
{
	archiveVersion = 1;
	classes = {
	};
	objectVersion = 46;
	objects = {

/* Begin PBXBuildFile section */
		33AFC4AB40F48A92D2F8DF98 /* Pods_HockeyTimer.framework in Frameworks */ = {isa = PBXBuildFile; fileRef = B734E60590F81F00D57943C8 /* Pods_HockeyTimer.framework */; };
		4F28325F1FCF46F500E67FF7 /* UserNotificationsHandler.swift in Sources */ = {isa = PBXBuildFile; fileRef = 4F28325E1FCF46F500E67FF7 /* UserNotificationsHandler.swift */; };
		4F37FBF222AD3FD200D2E236 /* UIDevice.swift in Sources */ = {isa = PBXBuildFile; fileRef = 4F37FBF122AD3FD200D2E236 /* UIDevice.swift */; };
		4F3AAB9F22A9A85200ACD193 /* Lato-Black.ttf in Resources */ = {isa = PBXBuildFile; fileRef = 4F3AAB9E22A9A85200ACD193 /* Lato-Black.ttf */; };
		4F3F397B22B9673000BC0141 /* UpdateManager.swift in Sources */ = {isa = PBXBuildFile; fileRef = 4F3F397A22B9673000BC0141 /* UpdateManager.swift */; };
		4F3F62701F64745A00D8FEC5 /* Localizable.strings in Resources */ = {isa = PBXBuildFile; fileRef = 4F3F62721F64745A00D8FEC5 /* Localizable.strings */; };
		4F6342A422916E0A002F49B4 /* NotificationNameX.swift in Sources */ = {isa = PBXBuildFile; fileRef = 4F6342A322916E0A002F49B4 /* NotificationNameX.swift */; };
		4F780A8D1FD0909000DB1021 /* PhoneView.swift in Sources */ = {isa = PBXBuildFile; fileRef = 4F780A8C1FD0909000DB1021 /* PhoneView.swift */; };
		4F7AB4E21F686AAE008F06DA /* BeepBeep.wav in Resources */ = {isa = PBXBuildFile; fileRef = 4F7AB4E11F686AAE008F06DA /* BeepBeep.wav */; };
		4F7C876122B2CDB400828B8A /* LabelButton.swift in Sources */ = {isa = PBXBuildFile; fileRef = 4F7C876022B2CDB400828B8A /* LabelButton.swift */; };
		4F7C876322B2CDC300828B8A /* CountryLabelButton.swift in Sources */ = {isa = PBXBuildFile; fileRef = 4F7C876222B2CDC300828B8A /* CountryLabelButton.swift */; };
		4F8470C822AE8C2500D71989 /* AppStoreReviewManager.swift in Sources */ = {isa = PBXBuildFile; fileRef = 4F8470C722AE8C2500D71989 /* AppStoreReviewManager.swift */; };
		4F8470CB22AEA12200D71989 /* CountryMenu.swift in Sources */ = {isa = PBXBuildFile; fileRef = 4F8470CA22AEA12200D71989 /* CountryMenu.swift */; };
		4F8470D022AEA34E00D71989 /* ItemButtonLayer.swift in Sources */ = {isa = PBXBuildFile; fileRef = 4F8470CE22AEA34E00D71989 /* ItemButtonLayer.swift */; };
		4F8470D122AEA34E00D71989 /* ItemButton.swift in Sources */ = {isa = PBXBuildFile; fileRef = 4F8470CF22AEA34E00D71989 /* ItemButton.swift */; };
		4F8470D422AEA39200D71989 /* MenuButtonLayer.swift in Sources */ = {isa = PBXBuildFile; fileRef = 4F8470D322AEA39200D71989 /* MenuButtonLayer.swift */; };
		4F8470D522AEA39200D71989 /* MenuButton.swift in Sources */ = {isa = PBXBuildFile; fileRef = 4F8470D222AEA39200D71989 /* MenuButton.swift */; };
		4F8470D722AEB2FB00D71989 /* MenuButtonLayerCross.swift in Sources */ = {isa = PBXBuildFile; fileRef = 4F8470D622AEB2FB00D71989 /* MenuButtonLayerCross.swift */; };
		4F8AFCE02291870900D975A1 /* BuyPremiumVC.swift in Sources */ = {isa = PBXBuildFile; fileRef = 4F8AFCDF2291870900D975A1 /* BuyPremiumVC.swift */; };
		4F8AFCE222918BB200D975A1 /* SKProductX.swift in Sources */ = {isa = PBXBuildFile; fileRef = 4F8AFCE122918BB200D975A1 /* SKProductX.swift */; };
		4F8AFCE522919D0F00D975A1 /* Store.swift in Sources */ = {isa = PBXBuildFile; fileRef = 4F8AFCE422919D0F00D975A1 /* Store.swift */; };
		4F8AFCE722919D1400D975A1 /* Products.swift in Sources */ = {isa = PBXBuildFile; fileRef = 4F8AFCE622919D1400D975A1 /* Products.swift */; };
		4F8AFCE92291C84E00D975A1 /* SimpleAlertVC.swift in Sources */ = {isa = PBXBuildFile; fileRef = 4F8AFCE82291C84E00D975A1 /* SimpleAlertVC.swift */; };
		4F9FC5D01F5331B30003C2FF /* PanArrowLayer.swift in Sources */ = {isa = PBXBuildFile; fileRef = 4F9FC5CF1F5331B30003C2FF /* PanArrowLayer.swift */; };
		4F9FC5D21F5332760003C2FF /* PanArrow.swift in Sources */ = {isa = PBXBuildFile; fileRef = 4F9FC5D11F5332760003C2FF /* PanArrow.swift */; };
		4F9FC5D61F5335410003C2FF /* PanArrowLabelFactory.swift in Sources */ = {isa = PBXBuildFile; fileRef = 4F9FC5D51F5335410003C2FF /* PanArrowLabelFactory.swift */; };
		4F9FC5D81F53387D0003C2FF /* PanArrowVC.swift in Sources */ = {isa = PBXBuildFile; fileRef = 4F9FC5D71F53387D0003C2FF /* PanArrowVC.swift */; };
		4F9FC5DB1F53449A0003C2FF /* ScoreStepper.swift in Sources */ = {isa = PBXBuildFile; fileRef = 4F9FC5DA1F53449A0003C2FF /* ScoreStepper.swift */; };
		4F9FC5DF1F5345D50003C2FF /* ScoreStepperButton.swift in Sources */ = {isa = PBXBuildFile; fileRef = 4F9FC5DE1F5345D50003C2FF /* ScoreStepperButton.swift */; };
		4F9FC5E11F5346130003C2FF /* ScoreStepperButtonLayer.swift in Sources */ = {isa = PBXBuildFile; fileRef = 4F9FC5E01F5346130003C2FF /* ScoreStepperButtonLayer.swift */; };
		4F9FC5E51F534AB20003C2FF /* ScoreStepperLabelFactory.swift in Sources */ = {isa = PBXBuildFile; fileRef = 4F9FC5E41F534AB20003C2FF /* ScoreStepperLabelFactory.swift */; };
		4FAFB20A2299539800CE11EE /* Mask.swift in Sources */ = {isa = PBXBuildFile; fileRef = 4FAFB2092299539800CE11EE /* Mask.swift */; };
		4FB4BE6A1F515B3B003B1259 /* AppDelegate.swift in Sources */ = {isa = PBXBuildFile; fileRef = 4FB4BE691F515B3B003B1259 /* AppDelegate.swift */; };
		4FB4BE6F1F515B3B003B1259 /* Main.storyboard in Resources */ = {isa = PBXBuildFile; fileRef = 4FB4BE6D1F515B3B003B1259 /* Main.storyboard */; };
		4FB4BE711F515B3B003B1259 /* Assets.xcassets in Resources */ = {isa = PBXBuildFile; fileRef = 4FB4BE701F515B3B003B1259 /* Assets.xcassets */; };
		4FB4BE741F515B3B003B1259 /* LaunchScreen.storyboard in Resources */ = {isa = PBXBuildFile; fileRef = 4FB4BE721F515B3B003B1259 /* LaunchScreen.storyboard */; };
		4FB4BE7D1F515B7D003B1259 /* TimerVC.swift in Sources */ = {isa = PBXBuildFile; fileRef = 4FB4BE7C1F515B7D003B1259 /* TimerVC.swift */; };
		4FB4BE821F515BE6003B1259 /* StopWatchTimer.swift in Sources */ = {isa = PBXBuildFile; fileRef = 4FB4BE811F515BE6003B1259 /* StopWatchTimer.swift */; };
		4FB4BE841F515C08003B1259 /* StopWatchSmallLabel.swift in Sources */ = {isa = PBXBuildFile; fileRef = 4FB4BE831F515C08003B1259 /* StopWatchSmallLabel.swift */; };
		4FB4BE861F515C0F003B1259 /* StopWatchLabel.swift in Sources */ = {isa = PBXBuildFile; fileRef = 4FB4BE851F515C0F003B1259 /* StopWatchLabel.swift */; };
		4FB4BE881F515C16003B1259 /* StopWatchControlIcon.swift in Sources */ = {isa = PBXBuildFile; fileRef = 4FB4BE871F515C16003B1259 /* StopWatchControlIcon.swift */; };
		4FB4BE8A1F515C1D003B1259 /* StopWatch.swift in Sources */ = {isa = PBXBuildFile; fileRef = 4FB4BE891F515C1D003B1259 /* StopWatch.swift */; };
		4FB4BE8C1F515C30003B1259 /* Pitch.swift in Sources */ = {isa = PBXBuildFile; fileRef = 4FB4BE8B1F515C30003B1259 /* Pitch.swift */; };
		4FB4BE8E1F515C38003B1259 /* PitchBackgroundLayer.swift in Sources */ = {isa = PBXBuildFile; fileRef = 4FB4BE8D1F515C38003B1259 /* PitchBackgroundLayer.swift */; };
		4FB4BE921F515C49003B1259 /* Ball.swift in Sources */ = {isa = PBXBuildFile; fileRef = 4FB4BE911F515C49003B1259 /* Ball.swift */; };
		4FB4BE941F515C4F003B1259 /* BallShinySpot.swift in Sources */ = {isa = PBXBuildFile; fileRef = 4FB4BE931F515C4F003B1259 /* BallShinySpot.swift */; };
		4FB4BE981F515CCD003B1259 /* NewGameButton.swift in Sources */ = {isa = PBXBuildFile; fileRef = 4FB4BE971F515CCD003B1259 /* NewGameButton.swift */; };
		4FB4BE9A1F515CDA003B1259 /* NewGameButtonIconOnly.swift in Sources */ = {isa = PBXBuildFile; fileRef = 4FB4BE991F515CDA003B1259 /* NewGameButtonIconOnly.swift */; };
		4FB4BE9C1F515CEC003B1259 /* NewGameButtonLayer.swift in Sources */ = {isa = PBXBuildFile; fileRef = 4FB4BE9B1F515CEC003B1259 /* NewGameButtonLayer.swift */; };
		4FB4BEA01F515D5C003B1259 /* ContainerView.swift in Sources */ = {isa = PBXBuildFile; fileRef = 4FB4BE9F1F515D5C003B1259 /* ContainerView.swift */; };
		4FB4BEAA1F515DBE003B1259 /* ConfirmationButton.swift in Sources */ = {isa = PBXBuildFile; fileRef = 4FB4BEA91F515DBE003B1259 /* ConfirmationButton.swift */; };
		4FB4BEAD1F515E06003B1259 /* GlobalConstants.swift in Sources */ = {isa = PBXBuildFile; fileRef = 4FB4BEAC1F515E06003B1259 /* GlobalConstants.swift */; };
		4FB4BEB01F515E2F003B1259 /* HockeyGame.swift in Sources */ = {isa = PBXBuildFile; fileRef = 4FB4BEAF1F515E2F003B1259 /* HockeyGame.swift */; };
		4FB4BEBA1F515EEA003B1259 /* Color.swift in Sources */ = {isa = PBXBuildFile; fileRef = 4FB4BEB91F515EEA003B1259 /* Color.swift */; };
		4FB4BEBC1F5160EF003B1259 /* ScoreVC.swift in Sources */ = {isa = PBXBuildFile; fileRef = 4FB4BEBB1F5160EF003B1259 /* ScoreVC.swift */; };
		4FB4BF151F520D1C003B1259 /* PageVC.swift in Sources */ = {isa = PBXBuildFile; fileRef = 4FB4BF141F520D1C003B1259 /* PageVC.swift */; };
		4FB4BF171F521F42003B1259 /* DocumentMenuVC.swift in Sources */ = {isa = PBXBuildFile; fileRef = 4FB4BF161F521F42003B1259 /* DocumentMenuVC.swift */; };
		4FB4BF231F5221A1003B1259 /* MaskWithActivityIndicator.swift in Sources */ = {isa = PBXBuildFile; fileRef = 4FB4BF221F5221A1003B1259 /* MaskWithActivityIndicator.swift */; };
		4FB4BF251F5225B3003B1259 /* DurationVC.swift in Sources */ = {isa = PBXBuildFile; fileRef = 4FB4BF241F5225B3003B1259 /* DurationVC.swift */; };
		4FB4BF281F522635003B1259 /* DurationCard.swift in Sources */ = {isa = PBXBuildFile; fileRef = 4FB4BF271F522635003B1259 /* DurationCard.swift */; };
		4FB4BF2A1F522644003B1259 /* MiniStopWatch.swift in Sources */ = {isa = PBXBuildFile; fileRef = 4FB4BF291F522644003B1259 /* MiniStopWatch.swift */; };
		4FD3721122A4030200A45757 /* DotMenu.swift in Sources */ = {isa = PBXBuildFile; fileRef = 4FD3720C22A4017F00A45757 /* DotMenu.swift */; };
		4FD3721622A4030E00A45757 /* ButtonLabel.swift in Sources */ = {isa = PBXBuildFile; fileRef = 4FD3720D22A4017F00A45757 /* ButtonLabel.swift */; };
		4FD3721E22A4267C00A45757 /* Duration.swift in Sources */ = {isa = PBXBuildFile; fileRef = 4FD3721D22A4267C00A45757 /* Duration.swift */; };
		4FD3722022A6C7D900A45757 /* OvalCountryButton.swift in Sources */ = {isa = PBXBuildFile; fileRef = 4FD3721F22A6C7D900A45757 /* OvalCountryButton.swift */; };
		4FD3722222A6C85600A45757 /* OvalCountryLayer.swift in Sources */ = {isa = PBXBuildFile; fileRef = 4FD3722122A6C85600A45757 /* OvalCountryLayer.swift */; };
		4FD3722422A6CE2700A45757 /* Lato-Bold.ttf in Resources */ = {isa = PBXBuildFile; fileRef = 4FD3722322A6CE2700A45757 /* Lato-Bold.ttf */; };
		4FD3722622A6CEC000A45757 /* OvalCountryCross.swift in Sources */ = {isa = PBXBuildFile; fileRef = 4FD3722522A6CEC000A45757 /* OvalCountryCross.swift */; };
		4FD3722822A6D61000A45757 /* Country.swift in Sources */ = {isa = PBXBuildFile; fileRef = 4FD3722722A6D61000A45757 /* Country.swift */; };
		4FD3722A22A6EC1D00A45757 /* Rules.swift in Sources */ = {isa = PBXBuildFile; fileRef = 4FD3722922A6EC1D00A45757 /* Rules.swift */; };
		4FD3722C22A6ECC100A45757 /* GroupOfRules.swift in Sources */ = {isa = PBXBuildFile; fileRef = 4FD3722B22A6ECC100A45757 /* GroupOfRules.swift */; };
		4FD3722F22A6F5E700A45757 /* RulesList.swift in Sources */ = {isa = PBXBuildFile; fileRef = 4FD3722E22A6F5E700A45757 /* RulesList.swift */; };
		4FD3723122A6F5F400A45757 /* RulesButton.swift in Sources */ = {isa = PBXBuildFile; fileRef = 4FD3723022A6F5F400A45757 /* RulesButton.swift */; };
		4FDCCF2F1FCAD4E5002CC64A /* PopupMessageView.swift in Sources */ = {isa = PBXBuildFile; fileRef = 4FDCCF2E1FCAD4E5002CC64A /* PopupMessageView.swift */; };
		4FE97DA72299BE5E00EC53F9 /* EditScoreButton.swift in Sources */ = {isa = PBXBuildFile; fileRef = 4FE97DA62299BE5E00EC53F9 /* EditScoreButton.swift */; };
		4FE97DA92299BE6A00EC53F9 /* EditScoreButtonLayer.swift in Sources */ = {isa = PBXBuildFile; fileRef = 4FE97DA82299BE6A00EC53F9 /* EditScoreButtonLayer.swift */; };
		4FF61A221F56077A005E5075 /* ScoreStepperShape.swift in Sources */ = {isa = PBXBuildFile; fileRef = 4FF61A211F56077A005E5075 /* ScoreStepperShape.swift */; };
		4FF7FB2E1F6549CF001D4ED1 /* JukeBox.swift in Sources */ = {isa = PBXBuildFile; fileRef = 4FF7FB2D1F6549CF001D4ED1 /* JukeBox.swift */; };
		4FF7FB311F6549E5001D4ED1 /* StopWatchAlarmSound.mp3 in Resources */ = {isa = PBXBuildFile; fileRef = 4FF7FB301F6549E5001D4ED1 /* StopWatchAlarmSound.mp3 */; };
		4FF7FB331F655960001D4ED1 /* OnboardingVC.swift in Sources */ = {isa = PBXBuildFile; fileRef = 4FF7FB321F655960001D4ED1 /* OnboardingVC.swift */; };
		4FF7FB361F6559E8001D4ED1 /* OnboardScreen.swift in Sources */ = {isa = PBXBuildFile; fileRef = 4FF7FB351F6559E8001D4ED1 /* OnboardScreen.swift */; };
/* End PBXBuildFile section */

/* Begin PBXFileReference section */
		4F28325E1FCF46F500E67FF7 /* UserNotificationsHandler.swift */ = {isa = PBXFileReference; fileEncoding = 4; lastKnownFileType = sourcecode.swift; name = UserNotificationsHandler.swift; path = "../../../Swift-files/Services/UserNotificationsHandler.swift"; sourceTree = "<group>"; };
		4F37FBF122AD3FD200D2E236 /* UIDevice.swift */ = {isa = PBXFileReference; lastKnownFileType = sourcecode.swift; path = UIDevice.swift; sourceTree = "<group>"; };
		4F3AAB9E22A9A85200ACD193 /* Lato-Black.ttf */ = {isa = PBXFileReference; lastKnownFileType = file; path = "Lato-Black.ttf"; sourceTree = "<group>"; };
		4F3F397A22B9673000BC0141 /* UpdateManager.swift */ = {isa = PBXFileReference; lastKnownFileType = sourcecode.swift; path = UpdateManager.swift; sourceTree = "<group>"; };
		4F3F626E1F64745000D8FEC5 /* nl */ = {isa = PBXFileReference; lastKnownFileType = text.plist.strings; name = nl; path = nl.lproj/Main.strings; sourceTree = "<group>"; };
		4F3F626F1F64745000D8FEC5 /* nl */ = {isa = PBXFileReference; lastKnownFileType = text.plist.strings; name = nl; path = nl.lproj/LaunchScreen.strings; sourceTree = "<group>"; };
		4F3F62711F64745A00D8FEC5 /* nl */ = {isa = PBXFileReference; lastKnownFileType = text.plist.strings; name = nl; path = nl.lproj/Localizable.strings; sourceTree = "<group>"; };
		4F6342A322916E0A002F49B4 /* NotificationNameX.swift */ = {isa = PBXFileReference; lastKnownFileType = sourcecode.swift; path = NotificationNameX.swift; sourceTree = "<group>"; };
		4F780A8C1FD0909000DB1021 /* PhoneView.swift */ = {isa = PBXFileReference; lastKnownFileType = sourcecode.swift; path = PhoneView.swift; sourceTree = "<group>"; };
		4F7AB4E11F686AAE008F06DA /* BeepBeep.wav */ = {isa = PBXFileReference; lastKnownFileType = audio.wav; path = BeepBeep.wav; sourceTree = "<group>"; };
		4F7C876022B2CDB400828B8A /* LabelButton.swift */ = {isa = PBXFileReference; fileEncoding = 4; lastKnownFileType = sourcecode.swift; path = LabelButton.swift; sourceTree = "<group>"; };
		4F7C876222B2CDC300828B8A /* CountryLabelButton.swift */ = {isa = PBXFileReference; lastKnownFileType = sourcecode.swift; path = CountryLabelButton.swift; sourceTree = "<group>"; };
		4F8470C722AE8C2500D71989 /* AppStoreReviewManager.swift */ = {isa = PBXFileReference; lastKnownFileType = sourcecode.swift; path = AppStoreReviewManager.swift; sourceTree = "<group>"; };
		4F8470CA22AEA12200D71989 /* CountryMenu.swift */ = {isa = PBXFileReference; lastKnownFileType = sourcecode.swift; path = CountryMenu.swift; sourceTree = "<group>"; };
		4F8470CE22AEA34E00D71989 /* ItemButtonLayer.swift */ = {isa = PBXFileReference; lastKnownFileType = sourcecode.swift; path = ItemButtonLayer.swift; sourceTree = "<group>"; };
		4F8470CF22AEA34E00D71989 /* ItemButton.swift */ = {isa = PBXFileReference; lastKnownFileType = sourcecode.swift; path = ItemButton.swift; sourceTree = "<group>"; };
		4F8470D222AEA39200D71989 /* MenuButton.swift */ = {isa = PBXFileReference; lastKnownFileType = sourcecode.swift; path = MenuButton.swift; sourceTree = "<group>"; };
		4F8470D322AEA39200D71989 /* MenuButtonLayer.swift */ = {isa = PBXFileReference; lastKnownFileType = sourcecode.swift; path = MenuButtonLayer.swift; sourceTree = "<group>"; };
		4F8470D622AEB2FB00D71989 /* MenuButtonLayerCross.swift */ = {isa = PBXFileReference; lastKnownFileType = sourcecode.swift; path = MenuButtonLayerCross.swift; sourceTree = "<group>"; };
		4F8AFCDF2291870900D975A1 /* BuyPremiumVC.swift */ = {isa = PBXFileReference; lastKnownFileType = sourcecode.swift; path = BuyPremiumVC.swift; sourceTree = "<group>"; };
		4F8AFCE122918BB200D975A1 /* SKProductX.swift */ = {isa = PBXFileReference; lastKnownFileType = sourcecode.swift; path = SKProductX.swift; sourceTree = "<group>"; };
		4F8AFCE422919D0F00D975A1 /* Store.swift */ = {isa = PBXFileReference; lastKnownFileType = sourcecode.swift; path = Store.swift; sourceTree = "<group>"; };
		4F8AFCE622919D1400D975A1 /* Products.swift */ = {isa = PBXFileReference; lastKnownFileType = sourcecode.swift; path = Products.swift; sourceTree = "<group>"; };
		4F8AFCE82291C84E00D975A1 /* SimpleAlertVC.swift */ = {isa = PBXFileReference; lastKnownFileType = sourcecode.swift; path = SimpleAlertVC.swift; sourceTree = "<group>"; };
		4F9FC5CF1F5331B30003C2FF /* PanArrowLayer.swift */ = {isa = PBXFileReference; fileEncoding = 4; lastKnownFileType = sourcecode.swift; path = PanArrowLayer.swift; sourceTree = "<group>"; };
		4F9FC5D11F5332760003C2FF /* PanArrow.swift */ = {isa = PBXFileReference; fileEncoding = 4; lastKnownFileType = sourcecode.swift; path = PanArrow.swift; sourceTree = "<group>"; };
		4F9FC5D51F5335410003C2FF /* PanArrowLabelFactory.swift */ = {isa = PBXFileReference; fileEncoding = 4; lastKnownFileType = sourcecode.swift; path = PanArrowLabelFactory.swift; sourceTree = "<group>"; };
		4F9FC5D71F53387D0003C2FF /* PanArrowVC.swift */ = {isa = PBXFileReference; fileEncoding = 4; lastKnownFileType = sourcecode.swift; path = PanArrowVC.swift; sourceTree = "<group>"; };
		4F9FC5DA1F53449A0003C2FF /* ScoreStepper.swift */ = {isa = PBXFileReference; fileEncoding = 4; lastKnownFileType = sourcecode.swift; path = ScoreStepper.swift; sourceTree = "<group>"; };
		4F9FC5DE1F5345D50003C2FF /* ScoreStepperButton.swift */ = {isa = PBXFileReference; fileEncoding = 4; lastKnownFileType = sourcecode.swift; path = ScoreStepperButton.swift; sourceTree = "<group>"; };
		4F9FC5E01F5346130003C2FF /* ScoreStepperButtonLayer.swift */ = {isa = PBXFileReference; fileEncoding = 4; lastKnownFileType = sourcecode.swift; path = ScoreStepperButtonLayer.swift; sourceTree = "<group>"; };
		4F9FC5E41F534AB20003C2FF /* ScoreStepperLabelFactory.swift */ = {isa = PBXFileReference; fileEncoding = 4; lastKnownFileType = sourcecode.swift; path = ScoreStepperLabelFactory.swift; sourceTree = "<group>"; };
		4FAFB2092299539800CE11EE /* Mask.swift */ = {isa = PBXFileReference; lastKnownFileType = sourcecode.swift; path = Mask.swift; sourceTree = "<group>"; };
		4FB4BE661F515B3B003B1259 /* HockeyTimer.app */ = {isa = PBXFileReference; explicitFileType = wrapper.application; includeInIndex = 0; path = HockeyTimer.app; sourceTree = BUILT_PRODUCTS_DIR; };
		4FB4BE691F515B3B003B1259 /* AppDelegate.swift */ = {isa = PBXFileReference; lastKnownFileType = sourcecode.swift; path = AppDelegate.swift; sourceTree = "<group>"; };
		4FB4BE6E1F515B3B003B1259 /* Base */ = {isa = PBXFileReference; lastKnownFileType = file.storyboard; name = Base; path = Base.lproj/Main.storyboard; sourceTree = "<group>"; };
		4FB4BE701F515B3B003B1259 /* Assets.xcassets */ = {isa = PBXFileReference; lastKnownFileType = folder.assetcatalog; path = Assets.xcassets; sourceTree = "<group>"; };
		4FB4BE731F515B3B003B1259 /* Base */ = {isa = PBXFileReference; lastKnownFileType = file.storyboard; name = Base; path = Base.lproj/LaunchScreen.storyboard; sourceTree = "<group>"; };
		4FB4BE751F515B3B003B1259 /* Info.plist */ = {isa = PBXFileReference; lastKnownFileType = text.plist.xml; path = Info.plist; sourceTree = "<group>"; };
		4FB4BE7C1F515B7D003B1259 /* TimerVC.swift */ = {isa = PBXFileReference; fileEncoding = 4; lastKnownFileType = sourcecode.swift; path = TimerVC.swift; sourceTree = "<group>"; };
		4FB4BE811F515BE6003B1259 /* StopWatchTimer.swift */ = {isa = PBXFileReference; fileEncoding = 4; lastKnownFileType = sourcecode.swift; path = StopWatchTimer.swift; sourceTree = "<group>"; };
		4FB4BE831F515C08003B1259 /* StopWatchSmallLabel.swift */ = {isa = PBXFileReference; fileEncoding = 4; lastKnownFileType = sourcecode.swift; path = StopWatchSmallLabel.swift; sourceTree = "<group>"; };
		4FB4BE851F515C0F003B1259 /* StopWatchLabel.swift */ = {isa = PBXFileReference; fileEncoding = 4; lastKnownFileType = sourcecode.swift; path = StopWatchLabel.swift; sourceTree = "<group>"; };
		4FB4BE871F515C16003B1259 /* StopWatchControlIcon.swift */ = {isa = PBXFileReference; fileEncoding = 4; lastKnownFileType = sourcecode.swift; path = StopWatchControlIcon.swift; sourceTree = "<group>"; };
		4FB4BE891F515C1D003B1259 /* StopWatch.swift */ = {isa = PBXFileReference; fileEncoding = 4; lastKnownFileType = sourcecode.swift; path = StopWatch.swift; sourceTree = "<group>"; };
		4FB4BE8B1F515C30003B1259 /* Pitch.swift */ = {isa = PBXFileReference; fileEncoding = 4; lastKnownFileType = sourcecode.swift; path = Pitch.swift; sourceTree = "<group>"; };
		4FB4BE8D1F515C38003B1259 /* PitchBackgroundLayer.swift */ = {isa = PBXFileReference; fileEncoding = 4; lastKnownFileType = sourcecode.swift; path = PitchBackgroundLayer.swift; sourceTree = "<group>"; };
		4FB4BE911F515C49003B1259 /* Ball.swift */ = {isa = PBXFileReference; fileEncoding = 4; lastKnownFileType = sourcecode.swift; path = Ball.swift; sourceTree = "<group>"; };
		4FB4BE931F515C4F003B1259 /* BallShinySpot.swift */ = {isa = PBXFileReference; fileEncoding = 4; lastKnownFileType = sourcecode.swift; path = BallShinySpot.swift; sourceTree = "<group>"; };
		4FB4BE971F515CCD003B1259 /* NewGameButton.swift */ = {isa = PBXFileReference; fileEncoding = 4; lastKnownFileType = sourcecode.swift; path = NewGameButton.swift; sourceTree = "<group>"; };
		4FB4BE991F515CDA003B1259 /* NewGameButtonIconOnly.swift */ = {isa = PBXFileReference; fileEncoding = 4; lastKnownFileType = sourcecode.swift; path = NewGameButtonIconOnly.swift; sourceTree = "<group>"; };
		4FB4BE9B1F515CEC003B1259 /* NewGameButtonLayer.swift */ = {isa = PBXFileReference; fileEncoding = 4; lastKnownFileType = sourcecode.swift; path = NewGameButtonLayer.swift; sourceTree = "<group>"; };
		4FB4BE9F1F515D5C003B1259 /* ContainerView.swift */ = {isa = PBXFileReference; fileEncoding = 4; lastKnownFileType = sourcecode.swift; path = ContainerView.swift; sourceTree = "<group>"; };
		4FB4BEA91F515DBE003B1259 /* ConfirmationButton.swift */ = {isa = PBXFileReference; fileEncoding = 4; lastKnownFileType = sourcecode.swift; path = ConfirmationButton.swift; sourceTree = "<group>"; };
		4FB4BEAC1F515E06003B1259 /* GlobalConstants.swift */ = {isa = PBXFileReference; fileEncoding = 4; lastKnownFileType = sourcecode.swift; path = GlobalConstants.swift; sourceTree = "<group>"; };
		4FB4BEAF1F515E2F003B1259 /* HockeyGame.swift */ = {isa = PBXFileReference; fileEncoding = 4; lastKnownFileType = sourcecode.swift; path = HockeyGame.swift; sourceTree = "<group>"; };
		4FB4BEB91F515EEA003B1259 /* Color.swift */ = {isa = PBXFileReference; fileEncoding = 4; lastKnownFileType = sourcecode.swift; path = Color.swift; sourceTree = "<group>"; };
		4FB4BEBB1F5160EF003B1259 /* ScoreVC.swift */ = {isa = PBXFileReference; fileEncoding = 4; lastKnownFileType = sourcecode.swift; path = ScoreVC.swift; sourceTree = "<group>"; };
		4FB4BF141F520D1C003B1259 /* PageVC.swift */ = {isa = PBXFileReference; fileEncoding = 4; lastKnownFileType = sourcecode.swift; path = PageVC.swift; sourceTree = "<group>"; };
		4FB4BF161F521F42003B1259 /* DocumentMenuVC.swift */ = {isa = PBXFileReference; fileEncoding = 4; lastKnownFileType = sourcecode.swift; path = DocumentMenuVC.swift; sourceTree = "<group>"; };
		4FB4BF221F5221A1003B1259 /* MaskWithActivityIndicator.swift */ = {isa = PBXFileReference; fileEncoding = 4; lastKnownFileType = sourcecode.swift; path = MaskWithActivityIndicator.swift; sourceTree = "<group>"; };
		4FB4BF241F5225B3003B1259 /* DurationVC.swift */ = {isa = PBXFileReference; fileEncoding = 4; lastKnownFileType = sourcecode.swift; path = DurationVC.swift; sourceTree = "<group>"; };
		4FB4BF271F522635003B1259 /* DurationCard.swift */ = {isa = PBXFileReference; fileEncoding = 4; lastKnownFileType = sourcecode.swift; path = DurationCard.swift; sourceTree = "<group>"; };
		4FB4BF291F522644003B1259 /* MiniStopWatch.swift */ = {isa = PBXFileReference; fileEncoding = 4; lastKnownFileType = sourcecode.swift; path = MiniStopWatch.swift; sourceTree = "<group>"; };
		4FD3720C22A4017F00A45757 /* DotMenu.swift */ = {isa = PBXFileReference; lastKnownFileType = sourcecode.swift; path = DotMenu.swift; sourceTree = "<group>"; };
		4FD3720D22A4017F00A45757 /* ButtonLabel.swift */ = {isa = PBXFileReference; lastKnownFileType = sourcecode.swift; path = ButtonLabel.swift; sourceTree = "<group>"; };
		4FD3721D22A4267C00A45757 /* Duration.swift */ = {isa = PBXFileReference; lastKnownFileType = sourcecode.swift; path = Duration.swift; sourceTree = "<group>"; };
		4FD3721F22A6C7D900A45757 /* OvalCountryButton.swift */ = {isa = PBXFileReference; lastKnownFileType = sourcecode.swift; path = OvalCountryButton.swift; sourceTree = "<group>"; };
		4FD3722122A6C85600A45757 /* OvalCountryLayer.swift */ = {isa = PBXFileReference; lastKnownFileType = sourcecode.swift; path = OvalCountryLayer.swift; sourceTree = "<group>"; };
		4FD3722322A6CE2700A45757 /* Lato-Bold.ttf */ = {isa = PBXFileReference; lastKnownFileType = file; path = "Lato-Bold.ttf"; sourceTree = "<group>"; };
		4FD3722522A6CEC000A45757 /* OvalCountryCross.swift */ = {isa = PBXFileReference; lastKnownFileType = sourcecode.swift; path = OvalCountryCross.swift; sourceTree = "<group>"; };
		4FD3722722A6D61000A45757 /* Country.swift */ = {isa = PBXFileReference; lastKnownFileType = sourcecode.swift; path = Country.swift; sourceTree = "<group>"; };
		4FD3722922A6EC1D00A45757 /* Rules.swift */ = {isa = PBXFileReference; lastKnownFileType = sourcecode.swift; path = Rules.swift; sourceTree = "<group>"; };
		4FD3722B22A6ECC100A45757 /* GroupOfRules.swift */ = {isa = PBXFileReference; lastKnownFileType = sourcecode.swift; path = GroupOfRules.swift; sourceTree = "<group>"; };
		4FD3722E22A6F5E700A45757 /* RulesList.swift */ = {isa = PBXFileReference; lastKnownFileType = sourcecode.swift; path = RulesList.swift; sourceTree = "<group>"; };
		4FD3723022A6F5F400A45757 /* RulesButton.swift */ = {isa = PBXFileReference; lastKnownFileType = sourcecode.swift; path = RulesButton.swift; sourceTree = "<group>"; };
		4FDCCF2E1FCAD4E5002CC64A /* PopupMessageView.swift */ = {isa = PBXFileReference; lastKnownFileType = sourcecode.swift; path = PopupMessageView.swift; sourceTree = "<group>"; };
		4FE97DA62299BE5E00EC53F9 /* EditScoreButton.swift */ = {isa = PBXFileReference; lastKnownFileType = sourcecode.swift; path = EditScoreButton.swift; sourceTree = "<group>"; };
		4FE97DA82299BE6A00EC53F9 /* EditScoreButtonLayer.swift */ = {isa = PBXFileReference; lastKnownFileType = sourcecode.swift; path = EditScoreButtonLayer.swift; sourceTree = "<group>"; };
		4FF61A211F56077A005E5075 /* ScoreStepperShape.swift */ = {isa = PBXFileReference; fileEncoding = 4; lastKnownFileType = sourcecode.swift; path = ScoreStepperShape.swift; sourceTree = "<group>"; };
		4FF7FB2D1F6549CF001D4ED1 /* JukeBox.swift */ = {isa = PBXFileReference; fileEncoding = 4; lastKnownFileType = sourcecode.swift; path = JukeBox.swift; sourceTree = "<group>"; };
		4FF7FB301F6549E5001D4ED1 /* StopWatchAlarmSound.mp3 */ = {isa = PBXFileReference; lastKnownFileType = audio.mp3; path = StopWatchAlarmSound.mp3; sourceTree = "<group>"; };
		4FF7FB321F655960001D4ED1 /* OnboardingVC.swift */ = {isa = PBXFileReference; fileEncoding = 4; lastKnownFileType = sourcecode.swift; path = OnboardingVC.swift; sourceTree = "<group>"; };
		4FF7FB351F6559E8001D4ED1 /* OnboardScreen.swift */ = {isa = PBXFileReference; fileEncoding = 4; lastKnownFileType = sourcecode.swift; path = OnboardScreen.swift; sourceTree = "<group>"; };
		B734E60590F81F00D57943C8 /* Pods_HockeyTimer.framework */ = {isa = PBXFileReference; explicitFileType = wrapper.framework; includeInIndex = 0; path = Pods_HockeyTimer.framework; sourceTree = BUILT_PRODUCTS_DIR; };
		C25D3688B54FA0EF8F1F5255 /* Pods-HockeyTimer.release.xcconfig */ = {isa = PBXFileReference; includeInIndex = 1; lastKnownFileType = text.xcconfig; name = "Pods-HockeyTimer.release.xcconfig"; path = "Pods/Target Support Files/Pods-HockeyTimer/Pods-HockeyTimer.release.xcconfig"; sourceTree = "<group>"; };
		D74366A374FDFD3B7C79D3E3 /* Pods-HockeyTimer.debug.xcconfig */ = {isa = PBXFileReference; includeInIndex = 1; lastKnownFileType = text.xcconfig; name = "Pods-HockeyTimer.debug.xcconfig"; path = "Pods/Target Support Files/Pods-HockeyTimer/Pods-HockeyTimer.debug.xcconfig"; sourceTree = "<group>"; };
/* End PBXFileReference section */

/* Begin PBXFrameworksBuildPhase section */
		4FB4BE631F515B3B003B1259 /* Frameworks */ = {
			isa = PBXFrameworksBuildPhase;
			buildActionMask = 2147483647;
			files = (
				33AFC4AB40F48A92D2F8DF98 /* Pods_HockeyTimer.framework in Frameworks */,
			);
			runOnlyForDeploymentPostprocessing = 0;
		};
/* End PBXFrameworksBuildPhase section */

/* Begin PBXGroup section */
		4F28325C1FCF468600E67FF7 /* UserNotificationsHandler */ = {
			isa = PBXGroup;
			children = (
				4F28325E1FCF46F500E67FF7 /* UserNotificationsHandler.swift */,
			);
			name = UserNotificationsHandler;
			sourceTree = "<group>";
		};
		4F780A8B1FD0906D00DB1021 /* Phone */ = {
			isa = PBXGroup;
			children = (
				4F780A8C1FD0909000DB1021 /* PhoneView.swift */,
			);
			name = Phone;
			sourceTree = "<group>";
		};
		4F7AB4DC1F6857F8008F06DA /* Fonts */ = {
			isa = PBXGroup;
			children = (
				4FD3722322A6CE2700A45757 /* Lato-Bold.ttf */,
				4F3AAB9E22A9A85200ACD193 /* Lato-Black.ttf */,
			);
			name = Fonts;
			sourceTree = "<group>";
		};
		4F8470C922AEA0EA00D71989 /* CountryMenu */ = {
			isa = PBXGroup;
			children = (
				4F8470CA22AEA12200D71989 /* CountryMenu.swift */,
				4F7C876222B2CDC300828B8A /* CountryLabelButton.swift */,
				4FD3721F22A6C7D900A45757 /* OvalCountryButton.swift */,
				4FD3722122A6C85600A45757 /* OvalCountryLayer.swift */,
				4FD3722522A6CEC000A45757 /* OvalCountryCross.swift */,
			);
			name = CountryMenu;
			sourceTree = "<group>";
		};
		4F8AFCE322919CEA00D975A1 /* In App Purchases */ = {
			isa = PBXGroup;
			children = (
				4F8AFCE622919D1400D975A1 /* Products.swift */,
				4F8AFCE422919D0F00D975A1 /* Store.swift */,
				4F8AFCE122918BB200D975A1 /* SKProductX.swift */,
			);
			name = "In App Purchases";
			sourceTree = "<group>";
		};
		4F9FC5CE1F5331840003C2FF /* PanArrow */ = {
			isa = PBXGroup;
			children = (
				4F9FC5D11F5332760003C2FF /* PanArrow.swift */,
				4F9FC5CF1F5331B30003C2FF /* PanArrowLayer.swift */,
				4F9FC5D51F5335410003C2FF /* PanArrowLabelFactory.swift */,
			);
			name = PanArrow;
			sourceTree = "<group>";
		};
		4F9FC5D91F5344760003C2FF /* ScoreStepper */ = {
			isa = PBXGroup;
			children = (
				4F9FC5DA1F53449A0003C2FF /* ScoreStepper.swift */,
				4F9FC5DE1F5345D50003C2FF /* ScoreStepperButton.swift */,
				4F9FC5E01F5346130003C2FF /* ScoreStepperButtonLayer.swift */,
				4F9FC5E41F534AB20003C2FF /* ScoreStepperLabelFactory.swift */,
				4FF61A211F56077A005E5075 /* ScoreStepperShape.swift */,
			);
			name = ScoreStepper;
			sourceTree = "<group>";
		};
		4FB4BE5D1F515B3B003B1259 = {
			isa = PBXGroup;
			children = (
				4FB4BE681F515B3B003B1259 /* HockeyTimer */,
				4FB4BE671F515B3B003B1259 /* Products */,
				DCA6DE515CB7D518DA4B6954 /* Pods */,
				CA1336AFD4D7B8F7C806EDB2 /* Frameworks */,
			);
			sourceTree = "<group>";
		};
		4FB4BE671F515B3B003B1259 /* Products */ = {
			isa = PBXGroup;
			children = (
				4FB4BE661F515B3B003B1259 /* HockeyTimer.app */,
			);
			name = Products;
			sourceTree = "<group>";
		};
		4FB4BE681F515B3B003B1259 /* HockeyTimer */ = {
			isa = PBXGroup;
			children = (
				4FB4BEAB1F515DE7003B1259 /* Resources */,
				4FB4BE9D1F515D30003B1259 /* Utilities */,
				4FB4BEAE1F515E11003B1259 /* Model */,
				4FB4BE7E1F515B9C003B1259 /* Views */,
				4FB4BE7B1F515B53003B1259 /* Controllers */,
				4FB4BE6D1F515B3B003B1259 /* Main.storyboard */,
				4FB4BE701F515B3B003B1259 /* Assets.xcassets */,
				4FB4BE721F515B3B003B1259 /* LaunchScreen.storyboard */,
				4FB4BE751F515B3B003B1259 /* Info.plist */,
			);
			path = HockeyTimer;
			sourceTree = "<group>";
		};
		4FB4BE7B1F515B53003B1259 /* Controllers */ = {
			isa = PBXGroup;
			children = (
				4FB4BE691F515B3B003B1259 /* AppDelegate.swift */,
				4FF7FB321F655960001D4ED1 /* OnboardingVC.swift */,
				4FB4BF141F520D1C003B1259 /* PageVC.swift */,
				4F9FC5D71F53387D0003C2FF /* PanArrowVC.swift */,
				4FB4BF241F5225B3003B1259 /* DurationVC.swift */,
				4FB4BE7C1F515B7D003B1259 /* TimerVC.swift */,
				4FB4BEBB1F5160EF003B1259 /* ScoreVC.swift */,
				4FB4BF161F521F42003B1259 /* DocumentMenuVC.swift */,
				4F8AFCDF2291870900D975A1 /* BuyPremiumVC.swift */,
				4F8AFCE82291C84E00D975A1 /* SimpleAlertVC.swift */,
			);
			name = Controllers;
			sourceTree = "<group>";
		};
		4FB4BE7E1F515B9C003B1259 /* Views */ = {
			isa = PBXGroup;
			children = (
				4F8470C922AEA0EA00D71989 /* CountryMenu */,
				4FB4BE9F1F515D5C003B1259 /* ContainerView.swift */,
				4FD3720A22A4016900A45757 /* DotMenu */,
				4F780A8B1FD0906D00DB1021 /* Phone */,
				4FDCCF2D1FCAD4CD002CC64A /* PopupMessage */,
				4FF7FB341F6559DB001D4ED1 /* Onboarding */,
				4FB4BF261F52261F003B1259 /* DurationCard */,
				4FB4BF211F52218D003B1259 /* MaskWithActivityIndicator */,
				4FD3722D22A6F5D800A45757 /* RulesList */,
				4FB4BEA81F515D9D003B1259 /* ConfirmationButton */,
				4FB4BE951F515C89003B1259 /* IconButtons */,
				4FB4BE7F1F515BA4003B1259 /* StopWatch */,
				4FB4BE801F515BB5003B1259 /* Pitch */,
				4F9FC5D91F5344760003C2FF /* ScoreStepper */,
			);
			name = Views;
			sourceTree = "<group>";
		};
		4FB4BE7F1F515BA4003B1259 /* StopWatch */ = {
			isa = PBXGroup;
			children = (
				4FB4BE891F515C1D003B1259 /* StopWatch.swift */,
				4FB4BE871F515C16003B1259 /* StopWatchControlIcon.swift */,
				4FB4BE851F515C0F003B1259 /* StopWatchLabel.swift */,
				4FB4BE831F515C08003B1259 /* StopWatchSmallLabel.swift */,
				4FB4BE811F515BE6003B1259 /* StopWatchTimer.swift */,
			);
			name = StopWatch;
			sourceTree = "<group>";
		};
		4FB4BE801F515BB5003B1259 /* Pitch */ = {
			isa = PBXGroup;
			children = (
				4FB4BE8B1F515C30003B1259 /* Pitch.swift */,
				4FB4BE8D1F515C38003B1259 /* PitchBackgroundLayer.swift */,
				4FB4BE911F515C49003B1259 /* Ball.swift */,
				4FB4BE931F515C4F003B1259 /* BallShinySpot.swift */,
			);
			name = Pitch;
			sourceTree = "<group>";
		};
		4FB4BE951F515C89003B1259 /* IconButtons */ = {
			isa = PBXGroup;
			children = (
				4FE97DA52299BE4400EC53F9 /* EditScore */,
				4F9FC5CE1F5331840003C2FF /* PanArrow */,
				4FB4BE961F515C96003B1259 /* NewGame */,
			);
			name = IconButtons;
			sourceTree = "<group>";
		};
		4FB4BE961F515C96003B1259 /* NewGame */ = {
			isa = PBXGroup;
			children = (
				4FB4BE971F515CCD003B1259 /* NewGameButton.swift */,
				4FB4BE991F515CDA003B1259 /* NewGameButtonIconOnly.swift */,
				4FB4BE9B1F515CEC003B1259 /* NewGameButtonLayer.swift */,
			);
			name = NewGame;
			sourceTree = "<group>";
		};
		4FB4BE9D1F515D30003B1259 /* Utilities */ = {
			isa = PBXGroup;
			children = (
				4F8470C722AE8C2500D71989 /* AppStoreReviewManager.swift */,
				4F3F397A22B9673000BC0141 /* UpdateManager.swift */,
				4F8AFCE322919CEA00D975A1 /* In App Purchases */,
				4F28325C1FCF468600E67FF7 /* UserNotificationsHandler */,
				4FF7FB2C1F6549C3001D4ED1 /* JukeBox */,
				4FB4BEB81F515EDB003B1259 /* Extensions */,
			);
			name = Utilities;
			sourceTree = "<group>";
		};
		4FB4BEA81F515D9D003B1259 /* ConfirmationButton */ = {
			isa = PBXGroup;
			children = (
				4FB4BEA91F515DBE003B1259 /* ConfirmationButton.swift */,
			);
			name = ConfirmationButton;
			sourceTree = "<group>";
		};
		4FB4BEAB1F515DE7003B1259 /* Resources */ = {
			isa = PBXGroup;
			children = (
				4F7AB4DC1F6857F8008F06DA /* Fonts */,
				4FF7FB2F1F6549DC001D4ED1 /* Sounds */,
				4FB4BEAC1F515E06003B1259 /* GlobalConstants.swift */,
				4F3F62721F64745A00D8FEC5 /* Localizable.strings */,
			);
			name = Resources;
			sourceTree = "<group>";
		};
		4FB4BEAE1F515E11003B1259 /* Model */ = {
			isa = PBXGroup;
			children = (
				4FB4BEAF1F515E2F003B1259 /* HockeyGame.swift */,
				4FD3721D22A4267C00A45757 /* Duration.swift */,
				4FD3722722A6D61000A45757 /* Country.swift */,
				4FD3722B22A6ECC100A45757 /* GroupOfRules.swift */,
				4FD3722922A6EC1D00A45757 /* Rules.swift */,
			);
			name = Model;
			sourceTree = "<group>";
		};
		4FB4BEB81F515EDB003B1259 /* Extensions */ = {
			isa = PBXGroup;
			children = (
				4FB4BEB91F515EEA003B1259 /* Color.swift */,
				4F6342A322916E0A002F49B4 /* NotificationNameX.swift */,
				4F37FBF122AD3FD200D2E236 /* UIDevice.swift */,
			);
			name = Extensions;
			sourceTree = "<group>";
		};
		4FB4BF211F52218D003B1259 /* MaskWithActivityIndicator */ = {
			isa = PBXGroup;
			children = (
				4FB4BF221F5221A1003B1259 /* MaskWithActivityIndicator.swift */,
				4FAFB2092299539800CE11EE /* Mask.swift */,
			);
			name = MaskWithActivityIndicator;
			sourceTree = "<group>";
		};
		4FB4BF261F52261F003B1259 /* DurationCard */ = {
			isa = PBXGroup;
			children = (
				4FB4BF271F522635003B1259 /* DurationCard.swift */,
				4FB4BF291F522644003B1259 /* MiniStopWatch.swift */,
			);
			name = DurationCard;
			sourceTree = "<group>";
		};
		4FD3720A22A4016900A45757 /* DotMenu */ = {
			isa = PBXGroup;
			children = (
				4FD3720C22A4017F00A45757 /* DotMenu.swift */,
				4FD3720D22A4017F00A45757 /* ButtonLabel.swift */,
				4F7C876022B2CDB400828B8A /* LabelButton.swift */,
				4F8470D222AEA39200D71989 /* MenuButton.swift */,
				4F8470D322AEA39200D71989 /* MenuButtonLayer.swift */,
				4F8470D622AEB2FB00D71989 /* MenuButtonLayerCross.swift */,
				4F8470CF22AEA34E00D71989 /* ItemButton.swift */,
				4F8470CE22AEA34E00D71989 /* ItemButtonLayer.swift */,
			);
			name = DotMenu;
			sourceTree = "<group>";
		};
		4FD3722D22A6F5D800A45757 /* RulesList */ = {
			isa = PBXGroup;
			children = (
				4FD3722E22A6F5E700A45757 /* RulesList.swift */,
				4FD3723022A6F5F400A45757 /* RulesButton.swift */,
			);
			name = RulesList;
			sourceTree = "<group>";
		};
		4FDCCF2D1FCAD4CD002CC64A /* PopupMessage */ = {
			isa = PBXGroup;
			children = (
				4FDCCF2E1FCAD4E5002CC64A /* PopupMessageView.swift */,
			);
			name = PopupMessage;
			sourceTree = "<group>";
		};
		4FE97DA52299BE4400EC53F9 /* EditScore */ = {
			isa = PBXGroup;
			children = (
				4FE97DA62299BE5E00EC53F9 /* EditScoreButton.swift */,
				4FE97DA82299BE6A00EC53F9 /* EditScoreButtonLayer.swift */,
			);
			name = EditScore;
			sourceTree = "<group>";
		};
		4FF7FB2C1F6549C3001D4ED1 /* JukeBox */ = {
			isa = PBXGroup;
			children = (
				4FF7FB2D1F6549CF001D4ED1 /* JukeBox.swift */,
			);
			name = JukeBox;
			sourceTree = "<group>";
		};
		4FF7FB2F1F6549DC001D4ED1 /* Sounds */ = {
			isa = PBXGroup;
			children = (
				4FF7FB301F6549E5001D4ED1 /* StopWatchAlarmSound.mp3 */,
				4F7AB4E11F686AAE008F06DA /* BeepBeep.wav */,
			);
			name = Sounds;
			sourceTree = "<group>";
		};
		4FF7FB341F6559DB001D4ED1 /* Onboarding */ = {
			isa = PBXGroup;
			children = (
				4FF7FB351F6559E8001D4ED1 /* OnboardScreen.swift */,
			);
			name = Onboarding;
			sourceTree = "<group>";
		};
		CA1336AFD4D7B8F7C806EDB2 /* Frameworks */ = {
			isa = PBXGroup;
			children = (
				B734E60590F81F00D57943C8 /* Pods_HockeyTimer.framework */,
			);
			name = Frameworks;
			sourceTree = "<group>";
		};
		DCA6DE515CB7D518DA4B6954 /* Pods */ = {
			isa = PBXGroup;
			children = (
				D74366A374FDFD3B7C79D3E3 /* Pods-HockeyTimer.debug.xcconfig */,
				C25D3688B54FA0EF8F1F5255 /* Pods-HockeyTimer.release.xcconfig */,
			);
			name = Pods;
			sourceTree = "<group>";
		};
/* End PBXGroup section */

/* Begin PBXNativeTarget section */
		4FB4BE651F515B3B003B1259 /* HockeyTimer */ = {
			isa = PBXNativeTarget;
			buildConfigurationList = 4FB4BE781F515B3B003B1259 /* Build configuration list for PBXNativeTarget "HockeyTimer" */;
			buildPhases = (
				791C3F78CF7AFD95276D6669 /* [CP] Check Pods Manifest.lock */,
				4FB4BE621F515B3B003B1259 /* Sources */,
				4FB4BE631F515B3B003B1259 /* Frameworks */,
				4FB4BE641F515B3B003B1259 /* Resources */,
				A10F81FD9B924721C2FA85BA /* [CP] Embed Pods Frameworks */,
			);
			buildRules = (
			);
			dependencies = (
			);
			name = HockeyTimer;
			productName = HockeyTimer;
			productReference = 4FB4BE661F515B3B003B1259 /* HockeyTimer.app */;
			productType = "com.apple.product-type.application";
		};
/* End PBXNativeTarget section */

/* Begin PBXProject section */
		4FB4BE5E1F515B3B003B1259 /* Project object */ = {
			isa = PBXProject;
			attributes = {
				LastSwiftUpdateCheck = 0820;
				LastUpgradeCheck = 1020;
				ORGANIZATIONNAME = StevenAdons;
				TargetAttributes = {
					4FB4BE651F515B3B003B1259 = {
						CreatedOnToolsVersion = 8.2;
						DevelopmentTeam = SPB3WZT9KK;
						LastSwiftMigration = 1020;
						ProvisioningStyle = Automatic;
					};
				};
			};
			buildConfigurationList = 4FB4BE611F515B3B003B1259 /* Build configuration list for PBXProject "HockeyTimer" */;
			compatibilityVersion = "Xcode 3.2";
			developmentRegion = en;
			hasScannedForEncodings = 0;
			knownRegions = (
				en,
				Base,
				nl,
			);
			mainGroup = 4FB4BE5D1F515B3B003B1259;
			productRefGroup = 4FB4BE671F515B3B003B1259 /* Products */;
			projectDirPath = "";
			projectRoot = "";
			targets = (
				4FB4BE651F515B3B003B1259 /* HockeyTimer */,
			);
		};
/* End PBXProject section */

/* Begin PBXResourcesBuildPhase section */
		4FB4BE641F515B3B003B1259 /* Resources */ = {
			isa = PBXResourcesBuildPhase;
			buildActionMask = 2147483647;
			files = (
				4FD3722422A6CE2700A45757 /* Lato-Bold.ttf in Resources */,
				4FB4BE741F515B3B003B1259 /* LaunchScreen.storyboard in Resources */,
				4FF7FB311F6549E5001D4ED1 /* StopWatchAlarmSound.mp3 in Resources */,
				4F7AB4E21F686AAE008F06DA /* BeepBeep.wav in Resources */,
				4F3AAB9F22A9A85200ACD193 /* Lato-Black.ttf in Resources */,
				4F3F62701F64745A00D8FEC5 /* Localizable.strings in Resources */,
				4FB4BE711F515B3B003B1259 /* Assets.xcassets in Resources */,
				4FB4BE6F1F515B3B003B1259 /* Main.storyboard in Resources */,
			);
			runOnlyForDeploymentPostprocessing = 0;
		};
/* End PBXResourcesBuildPhase section */

/* Begin PBXShellScriptBuildPhase section */
		791C3F78CF7AFD95276D6669 /* [CP] Check Pods Manifest.lock */ = {
			isa = PBXShellScriptBuildPhase;
			buildActionMask = 2147483647;
			files = (
			);
			inputFileListPaths = (
			);
			inputPaths = (
				"${PODS_PODFILE_DIR_PATH}/Podfile.lock",
				"${PODS_ROOT}/Manifest.lock",
			);
			name = "[CP] Check Pods Manifest.lock";
			outputFileListPaths = (
			);
			outputPaths = (
				"$(DERIVED_FILE_DIR)/Pods-HockeyTimer-checkManifestLockResult.txt",
			);
			runOnlyForDeploymentPostprocessing = 0;
			shellPath = /bin/sh;
			shellScript = "diff \"${PODS_PODFILE_DIR_PATH}/Podfile.lock\" \"${PODS_ROOT}/Manifest.lock\" > /dev/null\nif [ $? != 0 ] ; then\n    # print error to STDERR\n    echo \"error: The sandbox is not in sync with the Podfile.lock. Run 'pod install' or update your CocoaPods installation.\" >&2\n    exit 1\nfi\n# This output is used by Xcode 'outputs' to avoid re-running this script phase.\necho \"SUCCESS\" > \"${SCRIPT_OUTPUT_FILE_0}\"\n";
			showEnvVarsInLog = 0;
		};
		A10F81FD9B924721C2FA85BA /* [CP] Embed Pods Frameworks */ = {
			isa = PBXShellScriptBuildPhase;
			buildActionMask = 2147483647;
			files = (
			);
			inputFileListPaths = (
			);
			inputPaths = (
				"${SRCROOT}/Pods/Target Support Files/Pods-HockeyTimer/Pods-HockeyTimer-frameworks.sh",
				"${BUILT_PRODUCTS_DIR}/GoogleUtilities/GoogleUtilities.framework",
				"${BUILT_PRODUCTS_DIR}/nanopb/nanopb.framework",
			);
			name = "[CP] Embed Pods Frameworks";
			outputFileListPaths = (
			);
			outputPaths = (
				"${TARGET_BUILD_DIR}/${FRAMEWORKS_FOLDER_PATH}/GoogleUtilities.framework",
				"${TARGET_BUILD_DIR}/${FRAMEWORKS_FOLDER_PATH}/nanopb.framework",
			);
			runOnlyForDeploymentPostprocessing = 0;
			shellPath = /bin/sh;
			shellScript = "\"${SRCROOT}/Pods/Target Support Files/Pods-HockeyTimer/Pods-HockeyTimer-frameworks.sh\"\n";
			showEnvVarsInLog = 0;
		};
/* End PBXShellScriptBuildPhase section */

/* Begin PBXSourcesBuildPhase section */
		4FB4BE621F515B3B003B1259 /* Sources */ = {
			isa = PBXSourcesBuildPhase;
			buildActionMask = 2147483647;
			files = (
				4FB4BEB01F515E2F003B1259 /* HockeyGame.swift in Sources */,
				4FD3722622A6CEC000A45757 /* OvalCountryCross.swift in Sources */,
				4F8AFCE92291C84E00D975A1 /* SimpleAlertVC.swift in Sources */,
				4FB4BE9C1F515CEC003B1259 /* NewGameButtonLayer.swift in Sources */,
				4FB4BE921F515C49003B1259 /* Ball.swift in Sources */,
				4FD3721122A4030200A45757 /* DotMenu.swift in Sources */,
				4FDCCF2F1FCAD4E5002CC64A /* PopupMessageView.swift in Sources */,
				4FB4BE9A1F515CDA003B1259 /* NewGameButtonIconOnly.swift in Sources */,
				4FB4BF251F5225B3003B1259 /* DurationVC.swift in Sources */,
				4FE97DA92299BE6A00EC53F9 /* EditScoreButtonLayer.swift in Sources */,
				4FD3722A22A6EC1D00A45757 /* Rules.swift in Sources */,
				4F8AFCE222918BB200D975A1 /* SKProductX.swift in Sources */,
				4F8AFCE522919D0F00D975A1 /* Store.swift in Sources */,
				4F6342A422916E0A002F49B4 /* NotificationNameX.swift in Sources */,
				4FB4BEAA1F515DBE003B1259 /* ConfirmationButton.swift in Sources */,
				4FB4BEBC1F5160EF003B1259 /* ScoreVC.swift in Sources */,
				4FE97DA72299BE5E00EC53F9 /* EditScoreButton.swift in Sources */,
				4FB4BE941F515C4F003B1259 /* BallShinySpot.swift in Sources */,
				4FB4BF231F5221A1003B1259 /* MaskWithActivityIndicator.swift in Sources */,
				4FB4BE881F515C16003B1259 /* StopWatchControlIcon.swift in Sources */,
				4F8AFCE02291870900D975A1 /* BuyPremiumVC.swift in Sources */,
				4FB4BF281F522635003B1259 /* DurationCard.swift in Sources */,
				4F8470D522AEA39200D71989 /* MenuButton.swift in Sources */,
				4F28325F1FCF46F500E67FF7 /* UserNotificationsHandler.swift in Sources */,
				4FB4BE821F515BE6003B1259 /* StopWatchTimer.swift in Sources */,
				4FB4BE841F515C08003B1259 /* StopWatchSmallLabel.swift in Sources */,
				4FD3721E22A4267C00A45757 /* Duration.swift in Sources */,
				4FB4BEA01F515D5C003B1259 /* ContainerView.swift in Sources */,
				4FB4BEBA1F515EEA003B1259 /* Color.swift in Sources */,
				4FF7FB361F6559E8001D4ED1 /* OnboardScreen.swift in Sources */,
				4FB4BE7D1F515B7D003B1259 /* TimerVC.swift in Sources */,
				4F9FC5DB1F53449A0003C2FF /* ScoreStepper.swift in Sources */,
				4F7C876122B2CDB400828B8A /* LabelButton.swift in Sources */,
				4F9FC5DF1F5345D50003C2FF /* ScoreStepperButton.swift in Sources */,
				4F8470C822AE8C2500D71989 /* AppStoreReviewManager.swift in Sources */,
				4FB4BE861F515C0F003B1259 /* StopWatchLabel.swift in Sources */,
				4FB4BEAD1F515E06003B1259 /* GlobalConstants.swift in Sources */,
				4F8470D122AEA34E00D71989 /* ItemButton.swift in Sources */,
				4FD3721622A4030E00A45757 /* ButtonLabel.swift in Sources */,
				4F9FC5E11F5346130003C2FF /* ScoreStepperButtonLayer.swift in Sources */,
				4FB4BE8C1F515C30003B1259 /* Pitch.swift in Sources */,
				4FAFB20A2299539800CE11EE /* Mask.swift in Sources */,
				4FD3722C22A6ECC100A45757 /* GroupOfRules.swift in Sources */,
				4FB4BF151F520D1C003B1259 /* PageVC.swift in Sources */,
				4F3F397B22B9673000BC0141 /* UpdateManager.swift in Sources */,
				4F8470D022AEA34E00D71989 /* ItemButtonLayer.swift in Sources */,
				4F8470D722AEB2FB00D71989 /* MenuButtonLayerCross.swift in Sources */,
				4FB4BF171F521F42003B1259 /* DocumentMenuVC.swift in Sources */,
				4F8AFCE722919D1400D975A1 /* Products.swift in Sources */,
				4FD3722022A6C7D900A45757 /* OvalCountryButton.swift in Sources */,
				4FB4BE6A1F515B3B003B1259 /* AppDelegate.swift in Sources */,
				4FB4BE8E1F515C38003B1259 /* PitchBackgroundLayer.swift in Sources */,
				4F9FC5D81F53387D0003C2FF /* PanArrowVC.swift in Sources */,
				4F9FC5D01F5331B30003C2FF /* PanArrowLayer.swift in Sources */,
				4F9FC5D21F5332760003C2FF /* PanArrow.swift in Sources */,
				4FD3722222A6C85600A45757 /* OvalCountryLayer.swift in Sources */,
				4FD3723122A6F5F400A45757 /* RulesButton.swift in Sources */,
				4FB4BE981F515CCD003B1259 /* NewGameButton.swift in Sources */,
				4F9FC5E51F534AB20003C2FF /* ScoreStepperLabelFactory.swift in Sources */,
				4F7C876322B2CDC300828B8A /* CountryLabelButton.swift in Sources */,
				4F8470CB22AEA12200D71989 /* CountryMenu.swift in Sources */,
				4FF7FB2E1F6549CF001D4ED1 /* JukeBox.swift in Sources */,
				4F37FBF222AD3FD200D2E236 /* UIDevice.swift in Sources */,
				4FF7FB331F655960001D4ED1 /* OnboardingVC.swift in Sources */,
				4FB4BE8A1F515C1D003B1259 /* StopWatch.swift in Sources */,
				4FB4BF2A1F522644003B1259 /* MiniStopWatch.swift in Sources */,
				4F8470D422AEA39200D71989 /* MenuButtonLayer.swift in Sources */,
				4F780A8D1FD0909000DB1021 /* PhoneView.swift in Sources */,
				4FF61A221F56077A005E5075 /* ScoreStepperShape.swift in Sources */,
				4FD3722822A6D61000A45757 /* Country.swift in Sources */,
				4F9FC5D61F5335410003C2FF /* PanArrowLabelFactory.swift in Sources */,
				4FD3722F22A6F5E700A45757 /* RulesList.swift in Sources */,
			);
			runOnlyForDeploymentPostprocessing = 0;
		};
/* End PBXSourcesBuildPhase section */

/* Begin PBXVariantGroup section */
		4F3F62721F64745A00D8FEC5 /* Localizable.strings */ = {
			isa = PBXVariantGroup;
			children = (
				4F3F62711F64745A00D8FEC5 /* nl */,
			);
			name = Localizable.strings;
			sourceTree = "<group>";
		};
		4FB4BE6D1F515B3B003B1259 /* Main.storyboard */ = {
			isa = PBXVariantGroup;
			children = (
				4FB4BE6E1F515B3B003B1259 /* Base */,
				4F3F626E1F64745000D8FEC5 /* nl */,
			);
			name = Main.storyboard;
			sourceTree = "<group>";
		};
		4FB4BE721F515B3B003B1259 /* LaunchScreen.storyboard */ = {
			isa = PBXVariantGroup;
			children = (
				4FB4BE731F515B3B003B1259 /* Base */,
				4F3F626F1F64745000D8FEC5 /* nl */,
			);
			name = LaunchScreen.storyboard;
			sourceTree = "<group>";
		};
/* End PBXVariantGroup section */

/* Begin XCBuildConfiguration section */
		4FB4BE761F515B3B003B1259 /* Debug */ = {
			isa = XCBuildConfiguration;
			buildSettings = {
				ALWAYS_SEARCH_USER_PATHS = NO;
				CLANG_ANALYZER_LOCALIZABILITY_NONLOCALIZED = YES;
				CLANG_ANALYZER_NONNULL = YES;
				CLANG_CXX_LANGUAGE_STANDARD = "gnu++0x";
				CLANG_CXX_LIBRARY = "libc++";
				CLANG_ENABLE_MODULES = YES;
				CLANG_ENABLE_OBJC_ARC = YES;
				CLANG_WARN_BLOCK_CAPTURE_AUTORELEASING = YES;
				CLANG_WARN_BOOL_CONVERSION = YES;
				CLANG_WARN_COMMA = YES;
				CLANG_WARN_CONSTANT_CONVERSION = YES;
				CLANG_WARN_DEPRECATED_OBJC_IMPLEMENTATIONS = YES;
				CLANG_WARN_DIRECT_OBJC_ISA_USAGE = YES_ERROR;
				CLANG_WARN_DOCUMENTATION_COMMENTS = YES;
				CLANG_WARN_EMPTY_BODY = YES;
				CLANG_WARN_ENUM_CONVERSION = YES;
				CLANG_WARN_INFINITE_RECURSION = YES;
				CLANG_WARN_INT_CONVERSION = YES;
				CLANG_WARN_NON_LITERAL_NULL_CONVERSION = YES;
				CLANG_WARN_OBJC_IMPLICIT_RETAIN_SELF = YES;
				CLANG_WARN_OBJC_LITERAL_CONVERSION = YES;
				CLANG_WARN_OBJC_ROOT_CLASS = YES_ERROR;
				CLANG_WARN_RANGE_LOOP_ANALYSIS = YES;
				CLANG_WARN_STRICT_PROTOTYPES = YES;
				CLANG_WARN_SUSPICIOUS_MOVE = YES;
				CLANG_WARN_UNREACHABLE_CODE = YES;
				CLANG_WARN__DUPLICATE_METHOD_MATCH = YES;
				"CODE_SIGN_IDENTITY[sdk=iphoneos*]" = "iPhone Developer";
				COPY_PHASE_STRIP = NO;
				DEBUG_INFORMATION_FORMAT = dwarf;
				ENABLE_STRICT_OBJC_MSGSEND = YES;
				ENABLE_TESTABILITY = YES;
				GCC_C_LANGUAGE_STANDARD = gnu99;
				GCC_DYNAMIC_NO_PIC = NO;
				GCC_NO_COMMON_BLOCKS = YES;
				GCC_OPTIMIZATION_LEVEL = 0;
				GCC_PREPROCESSOR_DEFINITIONS = (
					"DEBUG=1",
					"$(inherited)",
				);
				GCC_WARN_64_TO_32_BIT_CONVERSION = YES;
				GCC_WARN_ABOUT_RETURN_TYPE = YES_ERROR;
				GCC_WARN_UNDECLARED_SELECTOR = YES;
				GCC_WARN_UNINITIALIZED_AUTOS = YES_AGGRESSIVE;
				GCC_WARN_UNUSED_FUNCTION = YES;
				GCC_WARN_UNUSED_VARIABLE = YES;
				IPHONEOS_DEPLOYMENT_TARGET = 11.4;
				MTL_ENABLE_DEBUG_INFO = YES;
				ONLY_ACTIVE_ARCH = YES;
				SDKROOT = iphoneos;
				SWIFT_ACTIVE_COMPILATION_CONDITIONS = DEBUG;
				SWIFT_OPTIMIZATION_LEVEL = "-Onone";
			};
			name = Debug;
		};
		4FB4BE771F515B3B003B1259 /* Release */ = {
			isa = XCBuildConfiguration;
			buildSettings = {
				ALWAYS_SEARCH_USER_PATHS = NO;
				CLANG_ANALYZER_LOCALIZABILITY_NONLOCALIZED = YES;
				CLANG_ANALYZER_NONNULL = YES;
				CLANG_CXX_LANGUAGE_STANDARD = "gnu++0x";
				CLANG_CXX_LIBRARY = "libc++";
				CLANG_ENABLE_MODULES = YES;
				CLANG_ENABLE_OBJC_ARC = YES;
				CLANG_WARN_BLOCK_CAPTURE_AUTORELEASING = YES;
				CLANG_WARN_BOOL_CONVERSION = YES;
				CLANG_WARN_COMMA = YES;
				CLANG_WARN_CONSTANT_CONVERSION = YES;
				CLANG_WARN_DEPRECATED_OBJC_IMPLEMENTATIONS = YES;
				CLANG_WARN_DIRECT_OBJC_ISA_USAGE = YES_ERROR;
				CLANG_WARN_DOCUMENTATION_COMMENTS = YES;
				CLANG_WARN_EMPTY_BODY = YES;
				CLANG_WARN_ENUM_CONVERSION = YES;
				CLANG_WARN_INFINITE_RECURSION = YES;
				CLANG_WARN_INT_CONVERSION = YES;
				CLANG_WARN_NON_LITERAL_NULL_CONVERSION = YES;
				CLANG_WARN_OBJC_IMPLICIT_RETAIN_SELF = YES;
				CLANG_WARN_OBJC_LITERAL_CONVERSION = YES;
				CLANG_WARN_OBJC_ROOT_CLASS = YES_ERROR;
				CLANG_WARN_RANGE_LOOP_ANALYSIS = YES;
				CLANG_WARN_STRICT_PROTOTYPES = YES;
				CLANG_WARN_SUSPICIOUS_MOVE = YES;
				CLANG_WARN_UNREACHABLE_CODE = YES;
				CLANG_WARN__DUPLICATE_METHOD_MATCH = YES;
				"CODE_SIGN_IDENTITY[sdk=iphoneos*]" = "iPhone Developer";
				COPY_PHASE_STRIP = NO;
				DEBUG_INFORMATION_FORMAT = "dwarf-with-dsym";
				ENABLE_NS_ASSERTIONS = NO;
				ENABLE_STRICT_OBJC_MSGSEND = YES;
				GCC_C_LANGUAGE_STANDARD = gnu99;
				GCC_NO_COMMON_BLOCKS = YES;
				GCC_WARN_64_TO_32_BIT_CONVERSION = YES;
				GCC_WARN_ABOUT_RETURN_TYPE = YES_ERROR;
				GCC_WARN_UNDECLARED_SELECTOR = YES;
				GCC_WARN_UNINITIALIZED_AUTOS = YES_AGGRESSIVE;
				GCC_WARN_UNUSED_FUNCTION = YES;
				GCC_WARN_UNUSED_VARIABLE = YES;
				IPHONEOS_DEPLOYMENT_TARGET = 11.4;
				MTL_ENABLE_DEBUG_INFO = NO;
				SDKROOT = iphoneos;
				SWIFT_OPTIMIZATION_LEVEL = "-Owholemodule";
				VALIDATE_PRODUCT = YES;
			};
			name = Release;
		};
		4FB4BE791F515B3B003B1259 /* Debug */ = {
			isa = XCBuildConfiguration;
			baseConfigurationReference = D74366A374FDFD3B7C79D3E3 /* Pods-HockeyTimer.debug.xcconfig */;
			buildSettings = {
				ASSETCATALOG_COMPILER_APPICON_NAME = AppIcon;
				"CODE_SIGN_IDENTITY[sdk=iphoneos*]" = "iPhone Developer";
				CODE_SIGN_STYLE = Automatic;
				DEVELOPMENT_TEAM = SPB3WZT9KK;
				INFOPLIST_FILE = HockeyTimer/Info.plist;
				IPHONEOS_DEPLOYMENT_TARGET = 11.4;
				LD_RUNPATH_SEARCH_PATHS = "$(inherited) @executable_path/Frameworks";
				PRODUCT_BUNDLE_IDENTIFIER = com.stevenadons.DimpleBall;
				PRODUCT_NAME = "$(TARGET_NAME)";
				PROVISIONING_PROFILE_SPECIFIER = "";
				SWIFT_VERSION = 5.0;
			};
			name = Debug;
		};
		4FB4BE7A1F515B3B003B1259 /* Release */ = {
			isa = XCBuildConfiguration;
			baseConfigurationReference = C25D3688B54FA0EF8F1F5255 /* Pods-HockeyTimer.release.xcconfig */;
			buildSettings = {
				ASSETCATALOG_COMPILER_APPICON_NAME = AppIcon;
				"CODE_SIGN_IDENTITY[sdk=iphoneos*]" = "iPhone Developer";
				CODE_SIGN_STYLE = Automatic;
				DEVELOPMENT_TEAM = SPB3WZT9KK;
				INFOPLIST_FILE = HockeyTimer/Info.plist;
				IPHONEOS_DEPLOYMENT_TARGET = 11.4;
				LD_RUNPATH_SEARCH_PATHS = "$(inherited) @executable_path/Frameworks";
				PRODUCT_BUNDLE_IDENTIFIER = com.stevenadons.DimpleBall;
				PRODUCT_NAME = "$(TARGET_NAME)";
				PROVISIONING_PROFILE_SPECIFIER = "";
				SWIFT_VERSION = 5.0;
			};
			name = Release;
		};
/* End XCBuildConfiguration section */

/* Begin XCConfigurationList section */
		4FB4BE611F515B3B003B1259 /* Build configuration list for PBXProject "HockeyTimer" */ = {
			isa = XCConfigurationList;
			buildConfigurations = (
				4FB4BE761F515B3B003B1259 /* Debug */,
				4FB4BE771F515B3B003B1259 /* Release */,
			);
			defaultConfigurationIsVisible = 0;
			defaultConfigurationName = Release;
		};
		4FB4BE781F515B3B003B1259 /* Build configuration list for PBXNativeTarget "HockeyTimer" */ = {
			isa = XCConfigurationList;
			buildConfigurations = (
				4FB4BE791F515B3B003B1259 /* Debug */,
				4FB4BE7A1F515B3B003B1259 /* Release */,
			);
			defaultConfigurationIsVisible = 0;
			defaultConfigurationName = Release;
		};
/* End XCConfigurationList section */
	};
	rootObject = 4FB4BE5E1F515B3B003B1259 /* Project object */;
}
